// !$*UTF8*$!
{
	archiveVersion = 1;
	classes = {
	};
	objectVersion = 77;
	objects = {

/* Begin PBXBuildFile section */
		A1A100000000000000000025 /* AlarmDomain.swift in Sources (App) */ = {isa = PBXBuildFile; fileRef = A1A10000000000000000001E /* AlarmDomain.swift */; };
		A1A100000000000000000026 /* PushContract.swift in Sources (App) */ = {isa = PBXBuildFile; fileRef = A1A10000000000000000001F /* PushContract.swift */; };
		A1A100000000000000000027 /* PushPayloadParser.swift in Sources (App) */ = {isa = PBXBuildFile; fileRef = A1A100000000000000000020 /* PushPayloadParser.swift */; };
		A1A100000000000000000028 /* alarm.wav in Resources (App) */ = {isa = PBXBuildFile; fileRef = A1A100000000000000000021 /* alarm.wav */; };
		A1A100000000000000000029 /* allclear.wav in Resources (App) */ = {isa = PBXBuildFile; fileRef = A1A100000000000000000022 /* allclear.wav */; };
		A1A10000000000000000002A /* Localizable.strings in Resources (App) */ = {isa = PBXBuildFile; fileRef = A1A100000000000000000023 /* Localizable.strings */; };
		A1A10000000000000000002B /* AlarmDomain.swift in Sources (Extension) */ = {isa = PBXBuildFile; fileRef = A1A10000000000000000001E /* AlarmDomain.swift */; };
		A1A10000000000000000002C /* PushContract.swift in Sources (Extension) */ = {isa = PBXBuildFile; fileRef = A1A10000000000000000001F /* PushContract.swift */; };
		A1A10000000000000000002D /* PushPayloadParser.swift in Sources (Extension) */ = {isa = PBXBuildFile; fileRef = A1A100000000000000000020 /* PushPayloadParser.swift */; };
		A1A10000000000000000002E /* alarm.wav in Resources (Extension) */ = {isa = PBXBuildFile; fileRef = A1A100000000000000000021 /* alarm.wav */; };
		A1A10000000000000000002F /* allclear.wav in Resources (Extension) */ = {isa = PBXBuildFile; fileRef = A1A100000000000000000022 /* allclear.wav */; };
		A1A100000000000000000030 /* Localizable.strings in Resources (Extension) */ = {isa = PBXBuildFile; fileRef = A1A100000000000000000023 /* Localizable.strings */; };
		A1A10000000000000000001A /* AlarmNotificationService.appex in Embed Foundation Extensions */ = {isa = PBXBuildFile; fileRef = A1A100000000000000000011 /* AlarmNotificationService.appex */; settings = {ATTRIBUTES = (RemoveHeadersOnCopy, ); }; };
/* End PBXBuildFile section */

/* Begin PBXContainerItemProxy section */
		A1A10000000000000000001C /* PBXContainerItemProxy */ = {
			isa = PBXContainerItemProxy;
			containerPortal = A1A10000000000000000000A /* Project object */;
			proxyType = 1;
			remoteGlobalIDString = A1A100000000000000000015;
			remoteInfo = AlarmNotificationService;
		};
/* End PBXContainerItemProxy section */

/* Begin PBXCopyFilesBuildPhase section */
		A1A100000000000000000019 /* Embed Foundation Extensions */ = {
			isa = PBXCopyFilesBuildPhase;
			buildActionMask = 2147483647;
			dstPath = "";
			dstSubfolderSpec = 13;
			files = (
				A1A10000000000000000001A /* AlarmNotificationService.appex in Embed Foundation Extensions */,
			);
			name = "Embed Foundation Extensions";
			runOnlyForDeploymentPostprocessing = 0;
		};
/* End PBXCopyFilesBuildPhase section */

/* Begin PBXFileReference section */
		A1A100000000000000000002 /* Alarm.app */ = {isa = PBXFileReference; explicitFileType = wrapper.application; includeInIndex = 0; path = Alarm.app; sourceTree = BUILT_PRODUCTS_DIR; };
		A1A100000000000000000011 /* AlarmNotificationService.appex */ = {isa = PBXFileReference; explicitFileType = "wrapper.app-extension"; includeInIndex = 0; path = AlarmNotificationService.appex; sourceTree = BUILT_PRODUCTS_DIR; };
		A1A10000000000000000001E /* AlarmDomain.swift */ = {isa = PBXFileReference; lastKnownFileType = sourcecode.swift; path = AlarmDomain.swift; sourceTree = "<group>"; };
		A1A10000000000000000001F /* PushContract.swift */ = {isa = PBXFileReference; lastKnownFileType = sourcecode.swift; path = PushContract.swift; sourceTree = "<group>"; };
		A1A100000000000000000020 /* PushPayloadParser.swift */ = {isa = PBXFileReference; lastKnownFileType = sourcecode.swift; path = PushPayloadParser.swift; sourceTree = "<group>"; };
		A1A100000000000000000021 /* alarm.wav */ = {isa = PBXFileReference; lastKnownFileType = audio.wav; path = alarm.wav; sourceTree = "<group>"; };
		A1A100000000000000000022 /* allclear.wav */ = {isa = PBXFileReference; lastKnownFileType = audio.wav; path = allclear.wav; sourceTree = "<group>"; };
		A1A100000000000000000024 /* de */ = {isa = PBXFileReference; lastKnownFileType = text.plist.strings; name = de; path = de.lproj/Localizable.strings; sourceTree = "<group>"; };
		A1A100000000000000000032 /* Info.plist */ = {isa = PBXFileReference; lastKnownFileType = text.plist.xml; path = Info.plist; sourceTree = "<group>"; };
		A1A100000000000000000033 /* Alarm.entitlements */ = {isa = PBXFileReference; lastKnownFileType = text.plist.entitlements; path = Alarm.entitlements; sourceTree = "<group>"; };
		A1A100000000000000000035 /* Alarm-Release.entitlements */ = {isa = PBXFileReference; lastKnownFileType = text.plist.entitlements; path = "Alarm-Release.entitlements"; sourceTree = "<group>"; };
		A1A100000000000000000034 /* NotificationService-Info.plist */ = {isa = PBXFileReference; lastKnownFileType = text.plist.xml; path = "NotificationService-Info.plist"; sourceTree = "<group>"; };
/* End PBXFileReference section */

/* Begin PBXFileSystemSynchronizedRootGroup section */
		A1A100000000000000000001 /* Alarm */ = {
			isa = PBXFileSystemSynchronizedRootGroup;
			path = Alarm;
			sourceTree = "<group>";
		};
		A1A100000000000000000010 /* NotificationService */ = {
			isa = PBXFileSystemSynchronizedRootGroup;
			path = NotificationService;
			sourceTree = "<group>";
		};
/* End PBXFileSystemSynchronizedRootGroup section */

/* Begin PBXFrameworksBuildPhase section */
		A1A100000000000000000003 /* Frameworks */ = {
			isa = PBXFrameworksBuildPhase;
			buildActionMask = 2147483647;
			files = (
			);
			runOnlyForDeploymentPostprocessing = 0;
		};
		A1A100000000000000000012 /* Frameworks */ = {
			isa = PBXFrameworksBuildPhase;
			buildActionMask = 2147483647;
			files = (
			);
			runOnlyForDeploymentPostprocessing = 0;
		};
/* End PBXFrameworksBuildPhase section */

/* Begin PBXGroup section */
		A1A100000000000000000004 = {
			isa = PBXGroup;
			children = (
				A1A100000000000000000031 /* Config */,
				A1A10000000000000000001D /* Shared */,
				A1A100000000000000000001 /* Alarm */,
				A1A100000000000000000010 /* NotificationService */,
				A1A100000000000000000005 /* Products */,
			);
			sourceTree = "<group>";
		};
		A1A100000000000000000005 /* Products */ = {
			isa = PBXGroup;
			children = (
				A1A100000000000000000002 /* Alarm.app */,
				A1A100000000000000000011 /* AlarmNotificationService.appex */,
			);
			name = Products;
			sourceTree = "<group>";
		};
		A1A10000000000000000001D /* Shared */ = {
			isa = PBXGroup;
			children = (
				A1A10000000000000000001E /* AlarmDomain.swift */,
				A1A10000000000000000001F /* PushContract.swift */,
				A1A100000000000000000020 /* PushPayloadParser.swift */,
				A1A100000000000000000023 /* Localizable.strings */,
				A1A100000000000000000036 /* Sounds */,
			);
			path = Shared;
			sourceTree = "<group>";
		};
		A1A100000000000000000036 /* Sounds */ = {
			isa = PBXGroup;
			children = (
				A1A100000000000000000021 /* alarm.wav */,
				A1A100000000000000000022 /* allclear.wav */,
			);
			path = Sounds;
			sourceTree = "<group>";
		};
		A1A100000000000000000031 /* Config */ = {
			isa = PBXGroup;
			children = (
				A1A100000000000000000032 /* Info.plist */,
				A1A100000000000000000033 /* Alarm.entitlements */,
				A1A100000000000000000035 /* Alarm-Release.entitlements */,
				A1A100000000000000000034 /* NotificationService-Info.plist */,
			);
			path = Config;
			sourceTree = "<group>";
		};
/* End PBXGroup section */

/* Begin PBXNativeTarget section */
		A1A100000000000000000006 /* Alarm */ = {
			isa = PBXNativeTarget;
			buildConfigurationList = A1A100000000000000000007 /* Build configuration list for PBXNativeTarget "Alarm" */;
			buildPhases = (
				A1A100000000000000000008 /* Sources */,
				A1A100000000000000000003 /* Frameworks */,
				A1A100000000000000000009 /* Resources */,
				A1A100000000000000000019 /* Embed Foundation Extensions */,
			);
			buildRules = (
			);
			dependencies = (
				A1A10000000000000000001B /* PBXTargetDependency */,
			);
			fileSystemSynchronizedGroups = (
				A1A100000000000000000001 /* Alarm */,
			);
			name = Alarm;
			packageProductDependencies = (
			);
			productName = Alarm;
			productReference = A1A100000000000000000002 /* Alarm.app */;
			productType = "com.apple.product-type.application";
		};
		A1A100000000000000000015 /* AlarmNotificationService */ = {
			isa = PBXNativeTarget;
			buildConfigurationList = A1A100000000000000000016 /* Build configuration list for PBXNativeTarget "AlarmNotificationService" */;
			buildPhases = (
				A1A100000000000000000013 /* Sources */,
				A1A100000000000000000012 /* Frameworks */,
				A1A100000000000000000014 /* Resources */,
			);
			buildRules = (
			);
			dependencies = (
			);
			fileSystemSynchronizedGroups = (
				A1A100000000000000000010 /* NotificationService */,
			);
			name = AlarmNotificationService;
			packageProductDependencies = (
			);
			productName = AlarmNotificationService;
			productReference = A1A100000000000000000011 /* AlarmNotificationService.appex */;
			productType = "com.apple.product-type.app-extension";
		};
/* End PBXNativeTarget section */

/* Begin PBXProject section */
		A1A10000000000000000000A /* Project object */ = {
			isa = PBXProject;
			attributes = {
				BuildIndependentTargetsInParallel = 1;
				LastSwiftUpdateCheck = 1600;
				LastUpgradeCheck = 1600;
				TargetAttributes = {
					A1A100000000000000000006 = {
						CreatedOnToolsVersion = 16.0;
					};
					A1A100000000000000000015 = {
						CreatedOnToolsVersion = 16.0;
					};
				};
			};
			buildConfigurationList = A1A10000000000000000000B /* Build configuration list for PBXProject "Alarm" */;
			developmentRegion = de;
			hasScannedForEncodings = 0;
			knownRegions = (
				de,
				Base,
			);
			mainGroup = A1A100000000000000000004;
			minimizedProjectReferenceProxies = 1;
			preferredProjectObjectVersion = 77;
			productRefGroup = A1A100000000000000000005 /* Products */;
			projectDirPath = "";
			projectRoot = "";
			targets = (
				A1A100000000000000000006 /* Alarm */,
				A1A100000000000000000015 /* AlarmNotificationService */,
			);
		};
/* End PBXProject section */

/* Begin PBXResourcesBuildPhase section */
		A1A100000000000000000009 /* Resources */ = {
			isa = PBXResourcesBuildPhase;
			buildActionMask = 2147483647;
			files = (
				A1A100000000000000000028 /* alarm.wav in Resources (App) */,
				A1A100000000000000000029 /* allclear.wav in Resources (App) */,
				A1A10000000000000000002A /* Localizable.strings in Resources (App) */,
			);
			runOnlyForDeploymentPostprocessing = 0;
		};
		A1A100000000000000000014 /* Resources */ = {
			isa = PBXResourcesBuildPhase;
			buildActionMask = 2147483647;
			files = (
				A1A10000000000000000002E /* alarm.wav in Resources (Extension) */,
				A1A10000000000000000002F /* allclear.wav in Resources (Extension) */,
				A1A100000000000000000030 /* Localizable.strings in Resources (Extension) */,
			);
			runOnlyForDeploymentPostprocessing = 0;
		};
/* End PBXResourcesBuildPhase section */

/* Begin PBXSourcesBuildPhase section */
		A1A100000000000000000008 /* Sources */ = {
			isa = PBXSourcesBuildPhase;
			buildActionMask = 2147483647;
			files = (
				A1A100000000000000000025 /* AlarmDomain.swift in Sources (App) */,
				A1A100000000000000000026 /* PushContract.swift in Sources (App) */,
				A1A100000000000000000027 /* PushPayloadParser.swift in Sources (App) */,
			);
			runOnlyForDeploymentPostprocessing = 0;
		};
		A1A100000000000000000013 /* Sources */ = {
			isa = PBXSourcesBuildPhase;
			buildActionMask = 2147483647;
			files = (
				A1A10000000000000000002B /* AlarmDomain.swift in Sources (Extension) */,
				A1A10000000000000000002C /* PushContract.swift in Sources (Extension) */,
				A1A10000000000000000002D /* PushPayloadParser.swift in Sources (Extension) */,
			);
			runOnlyForDeploymentPostprocessing = 0;
		};
/* End PBXSourcesBuildPhase section */

/* Begin PBXTargetDependency section */
		A1A10000000000000000001B /* PBXTargetDependency */ = {
			isa = PBXTargetDependency;
			target = A1A100000000000000000015 /* AlarmNotificationService */;
			targetProxy = A1A10000000000000000001C /* PBXContainerItemProxy */;
		};
/* End PBXTargetDependency section */

/* Begin PBXVariantGroup section */
		A1A100000000000000000023 /* Localizable.strings */ = {
			isa = PBXVariantGroup;
			children = (
				A1A100000000000000000024 /* de */,
			);
			name = Localizable.strings;
			sourceTree = "<group>";
		};
/* End PBXVariantGroup section */

/* Begin XCBuildConfiguration section */
		A1A10000000000000000000C /* Debug */ = {
			isa = XCBuildConfiguration;
			buildSettings = {
				ALWAYS_SEARCH_USER_PATHS = NO;
				ASSETCATALOG_COMPILER_GENERATE_SWIFT_ASSET_SYMBOL_EXTENSIONS = YES;
				CLANG_ANALYZER_NONNULL = YES;
				CLANG_ANALYZER_NUMBER_OBJECT_CONVERSION = YES_AGGRESSIVE;
				CLANG_ENABLE_MODULES = YES;
				CLANG_ENABLE_OBJC_ARC = YES;
				CLANG_ENABLE_OBJC_WEAK = YES;
				CLANG_WARN_BOOL_CONVERSION = YES;
				CLANG_WARN_CONSTANT_CONVERSION = YES;
				CLANG_WARN_DOCUMENTATION_COMMENTS = YES;
				CLANG_WARN_EMPTY_BODY = YES;
				CLANG_WARN_ENUM_CONVERSION = YES;
				CLANG_WARN_INFINITE_RECURSION = YES;
				CLANG_WARN_INT_CONVERSION = YES;
				CLANG_WARN_RANGE_LOOP_ANALYSIS = YES;
				CLANG_WARN_SUSPICIOUS_MOVE = YES;
				CLANG_WARN_UNGUARDED_AVAILABILITY = YES_AGGRESSIVE;
				CLANG_WARN_UNREACHABLE_CODE = YES;
				COPY_PHASE_STRIP = NO;
				DEBUG_INFORMATION_FORMAT = dwarf;
				DEVELOPMENT_LANGUAGE = de;
				ENABLE_STRICT_OBJC_MSGSEND = YES;
				ENABLE_TESTABILITY = YES;
				ENABLE_USER_SCRIPT_SANDBOXING = YES;
				GCC_C_LANGUAGE_STANDARD = gnu17;
				GCC_NO_COMMON_BLOCKS = YES;
				GCC_OPTIMIZATION_LEVEL = 0;
				GCC_PREPROCESSOR_DEFINITIONS = (
					"DEBUG=1",
					"$(inherited)",
				);
				GCC_WARN_ABOUT_RETURN_TYPE = YES_ERROR;
				GCC_WARN_UNINITIALIZED_AUTOS = YES_AGGRESSIVE;
				GCC_WARN_UNUSED_FUNCTION = YES;
				GCC_WARN_UNUSED_VARIABLE = YES;
				IPHONEOS_DEPLOYMENT_TARGET = 16.0;
				MTL_ENABLE_DEBUG_INFO = INCLUDE_SOURCE;
				MTL_FAST_MATH = YES;
				ONLY_ACTIVE_ARCH = YES;
				SDKROOT = iphoneos;
				SWIFT_ACTIVE_COMPILATION_CONDITIONS = "DEBUG $(inherited)";
				SWIFT_OPTIMIZATION_LEVEL = "-Onone";
			};
			name = Debug;
		};
		A1A10000000000000000000D /* Release */ = {
			isa = XCBuildConfiguration;
			buildSettings = {
				ALWAYS_SEARCH_USER_PATHS = NO;
				ASSETCATALOG_COMPILER_GENERATE_SWIFT_ASSET_SYMBOL_EXTENSIONS = YES;
				CLANG_ANALYZER_NONNULL = YES;
				CLANG_ANALYZER_NUMBER_OBJECT_CONVERSION = YES_AGGRESSIVE;
				CLANG_ENABLE_MODULES = YES;
				CLANG_ENABLE_OBJC_ARC = YES;
				CLANG_ENABLE_OBJC_WEAK = YES;
				CLANG_WARN_BOOL_CONVERSION = YES;
				CLANG_WARN_CONSTANT_CONVERSION = YES;
				CLANG_WARN_DOCUMENTATION_COMMENTS = YES;
				CLANG_WARN_EMPTY_BODY = YES;
				CLANG_WARN_ENUM_CONVERSION = YES;
				CLANG_WARN_INFINITE_RECURSION = YES;
				CLANG_WARN_INT_CONVERSION = YES;
				CLANG_WARN_RANGE_LOOP_ANALYSIS = YES;
				CLANG_WARN_SUSPICIOUS_MOVE = YES;
				CLANG_WARN_UNGUARDED_AVAILABILITY = YES_AGGRESSIVE;
				CLANG_WARN_UNREACHABLE_CODE = YES;
				COPY_PHASE_STRIP = NO;
				DEBUG_INFORMATION_FORMAT = "dwarf-with-dsym";
				DEVELOPMENT_LANGUAGE = de;
				ENABLE_NS_ASSERTIONS = NO;
				ENABLE_STRICT_OBJC_MSGSEND = YES;
				ENABLE_USER_SCRIPT_SANDBOXING = YES;
				GCC_C_LANGUAGE_STANDARD = gnu17;
				GCC_NO_COMMON_BLOCKS = YES;
				GCC_WARN_ABOUT_RETURN_TYPE = YES_ERROR;
				GCC_WARN_UNINITIALIZED_AUTOS = YES_AGGRESSIVE;
				GCC_WARN_UNUSED_FUNCTION = YES;
				GCC_WARN_UNUSED_VARIABLE = YES;
				IPHONEOS_DEPLOYMENT_TARGET = 16.0;
				MTL_ENABLE_DEBUG_INFO = NO;
				MTL_FAST_MATH = YES;
				SDKROOT = iphoneos;
				SWIFT_COMPILATION_MODE = wholemodule;
				VALIDATE_PRODUCT = YES;
			};
			name = Release;
		};
		A1A10000000000000000000E /* Debug */ = {
			isa = XCBuildConfiguration;
			buildSettings = {
				ASSETCATALOG_COMPILER_APPICON_NAME = AppIcon;
				ASSETCATALOG_COMPILER_GLOBAL_ACCENT_COLOR_NAME = AccentColor;
				CODE_SIGN_ENTITLEMENTS = Config/Alarm.entitlements;
				CODE_SIGN_STYLE = Automatic;
				CURRENT_PROJECT_VERSION = 20;
				DEVELOPMENT_TEAM = F4989GSTWS;
				ENABLE_PREVIEWS = YES;
				GENERATE_INFOPLIST_FILE = YES;
				INFOPLIST_FILE = Config/Info.plist;
				INFOPLIST_KEY_CFBundleDisplayName = Schulalarm;
				INFOPLIST_KEY_ITSAppUsesNonExemptEncryption = NO;
				INFOPLIST_KEY_UIApplicationSupportsIndirectInputEvents = YES;
				INFOPLIST_KEY_UILaunchScreen_Generation = YES;
				INFOPLIST_KEY_UISupportedInterfaceOrientations_iPad = "UIInterfaceOrientationPortrait UIInterfaceOrientationPortraitUpsideDown UIInterfaceOrientationLandscapeLeft UIInterfaceOrientationLandscapeRight";
				INFOPLIST_KEY_UISupportedInterfaceOrientations_iPhone = "UIInterfaceOrientationPortrait UIInterfaceOrientationLandscapeLeft UIInterfaceOrientationLandscapeRight";
				IPHONEOS_DEPLOYMENT_TARGET = 16.0;
				LD_RUNPATH_SEARCH_PATHS = (
					"$(inherited)",
					"@executable_path/Frameworks",
				);
				MARKETING_VERSION = 1.0.19;
				PRODUCT_BUNDLE_IDENTIFIER = "de.dboschule.alarm";
				PRODUCT_NAME = "$(TARGET_NAME)";
				SWIFT_EMIT_LOC_STRINGS = YES;
				SWIFT_VERSION = 5.0;
				TARGETED_DEVICE_FAMILY = "1,2";
			};
			name = Debug;
		};
		A1A10000000000000000000F /* Release */ = {
			isa = XCBuildConfiguration;
			buildSettings = {
				ASSETCATALOG_COMPILER_APPICON_NAME = AppIcon;
				ASSETCATALOG_COMPILER_GLOBAL_ACCENT_COLOR_NAME = AccentColor;
				CODE_SIGN_ENTITLEMENTS = "Config/Alarm-Release.entitlements";
				CODE_SIGN_STYLE = Automatic;
				CURRENT_PROJECT_VERSION = 20;
				DEVELOPMENT_TEAM = F4989GSTWS;
				ENABLE_PREVIEWS = YES;
				GENERATE_INFOPLIST_FILE = YES;
				INFOPLIST_FILE = Config/Info.plist;
				INFOPLIST_KEY_CFBundleDisplayName = Schulalarm;
				INFOPLIST_KEY_ITSAppUsesNonExemptEncryption = NO;
				INFOPLIST_KEY_UIApplicationSupportsIndirectInputEvents = YES;
				INFOPLIST_KEY_UILaunchScreen_Generation = YES;
				INFOPLIST_KEY_UISupportedInterfaceOrientations_iPad = "UIInterfaceOrientationPortrait UIInterfaceOrientationPortraitUpsideDown UIInterfaceOrientationLandscapeLeft UIInterfaceOrientationLandscapeRight";
				INFOPLIST_KEY_UISupportedInterfaceOrientations_iPhone = "UIInterfaceOrientationPortrait UIInterfaceOrientationLandscapeLeft UIInterfaceOrientationLandscapeRight";
				IPHONEOS_DEPLOYMENT_TARGET = 16.0;
				LD_RUNPATH_SEARCH_PATHS = (
					"$(inherited)",
					"@executable_path/Frameworks",
				);
				MARKETING_VERSION = 1.0.19;
				PRODUCT_BUNDLE_IDENTIFIER = "de.dboschule.alarm";
				PRODUCT_NAME = "$(TARGET_NAME)";
				SWIFT_EMIT_LOC_STRINGS = YES;
				SWIFT_VERSION = 5.0;
				TARGETED_DEVICE_FAMILY = "1,2";
			};
			name = Release;
		};
		A1A100000000000000000017 /* Debug */ = {
			isa = XCBuildConfiguration;
			buildSettings = {
				CODE_SIGN_STYLE = Automatic;
				CURRENT_PROJECT_VERSION = 20;
				DEVELOPMENT_TEAM = F4989GSTWS;
				GENERATE_INFOPLIST_FILE = YES;
				INFOPLIST_FILE = "Config/NotificationService-Info.plist";
				INFOPLIST_KEY_CFBundleDisplayName = "Schulalarm-Zustellung";
				INFOPLIST_KEY_ITSAppUsesNonExemptEncryption = NO;
				IPHONEOS_DEPLOYMENT_TARGET = 16.0;
				LD_RUNPATH_SEARCH_PATHS = (
					"$(inherited)",
					"@executable_path/Frameworks",
					"@executable_path/../../Frameworks",
				);
				MARKETING_VERSION = 1.0.19;
				PRODUCT_BUNDLE_IDENTIFIER = "de.dboschule.alarm.notificationservice";
				PRODUCT_NAME = "$(TARGET_NAME)";
				SKIP_INSTALL = YES;
				SWIFT_EMIT_LOC_STRINGS = YES;
				SWIFT_VERSION = 5.0;
				TARGETED_DEVICE_FAMILY = "1,2";
			};
			name = Debug;
		};
		A1A100000000000000000018 /* Release */ = {
			isa = XCBuildConfiguration;
			buildSettings = {
				CODE_SIGN_STYLE = Automatic;
				CURRENT_PROJECT_VERSION = 20;
				DEVELOPMENT_TEAM = F4989GSTWS;
				GENERATE_INFOPLIST_FILE = YES;
				INFOPLIST_FILE = "Config/NotificationService-Info.plist";
				INFOPLIST_KEY_CFBundleDisplayName = "Schulalarm-Zustellung";
				INFOPLIST_KEY_ITSAppUsesNonExemptEncryption = NO;
				IPHONEOS_DEPLOYMENT_TARGET = 16.0;
				LD_RUNPATH_SEARCH_PATHS = (
					"$(inherited)",
					"@executable_path/Frameworks",
					"@executable_path/../../Frameworks",
				);
				MARKETING_VERSION = 1.0.19;
				PRODUCT_BUNDLE_IDENTIFIER = "de.dboschule.alarm.notificationservice";
				PRODUCT_NAME = "$(TARGET_NAME)";
				SKIP_INSTALL = YES;
				SWIFT_EMIT_LOC_STRINGS = YES;
				SWIFT_VERSION = 5.0;
				TARGETED_DEVICE_FAMILY = "1,2";
			};
			name = Release;
		};
/* End XCBuildConfiguration section */

/* Begin XCConfigurationList section */
		A1A10000000000000000000B /* Build configuration list for PBXProject "Alarm" */ = {
			isa = XCConfigurationList;
			buildConfigurations = (
				A1A10000000000000000000C /* Debug */,
				A1A10000000000000000000D /* Release */,
			);
			defaultConfigurationIsVisible = 0;
			defaultConfigurationName = Release;
		};
		A1A100000000000000000007 /* Build configuration list for PBXNativeTarget "Alarm" */ = {
			isa = XCConfigurationList;
			buildConfigurations = (
				A1A10000000000000000000E /* Debug */,
				A1A10000000000000000000F /* Release */,
			);
			defaultConfigurationIsVisible = 0;
			defaultConfigurationName = Release;
		};
		A1A100000000000000000016 /* Build configuration list for PBXNativeTarget "AlarmNotificationService" */ = {
			isa = XCConfigurationList;
			buildConfigurations = (
				A1A100000000000000000017 /* Debug */,
				A1A100000000000000000018 /* Release */,
			);
			defaultConfigurationIsVisible = 0;
			defaultConfigurationName = Release;
		};
/* End XCConfigurationList section */
	};
	rootObject = A1A10000000000000000000A /* Project object */;
}
